
Microsoft Visual Studio Solution File, Format Version 12.00
# Visual Studio 15
VisualStudioVersion = 15.0.28010.2046
MinimumVisualStudioVersion = 10.0.40219.1
Project("{FAE04EC0-301F-11D3-BF4B-00C04F79EFBC}") = "Butik", "Butik\Butik.csproj", "{0D268070-0782-4603-9382-1BE7D9457F6B}"
EndProject
Global
	GlobalSection(SolutionConfigurationPlatforms) = preSolution
		Debug|Any CPU = Debug|Any CPU
		Release|Any CPU = Release|Any CPU
	EndGlobalSection
	GlobalSection(ProjectConfigurationPlatforms) = postSolution
		{0D268070-0782-4603-9382-1BE7D9457F6B}.Debug|Any CPU.ActiveCfg = Debug|Any CPU
		{0D268070-0782-4603-9382-1BE7D9457F6B}.Debug|Any CPU.Build.0 = Debug|Any CPU
		{0D268070-0782-4603-9382-1BE7D9457F6B}.Release|Any CPU.ActiveCfg = Release|Any CPU
		{0D268070-0782-4603-9382-1BE7D9457F6B}.Release|Any CPU.Build.0 = Release|Any CPU
	EndGlobalSection
	GlobalSection(SolutionProperties) = preSolution
		HideSolutionNode = FALSE
	EndGlobalSection
	GlobalSection(ExtensibilityGlobals) = postSolution
		SolutionGuid = {45251B47-09BD-404F-BB23-EB0D76C7018D}
	EndGlobalSection
EndGlobal
